// !$*UTF8*$!
{
	archiveVersion = 1;
	classes = {
	};
	objectVersion = 50;
	objects = {

/* Begin PBXBuildFile section */
		09307D0023B7BC1C00FF228E /* AppDelegate.swift in Sources */ = {isa = PBXBuildFile; fileRef = 09307CFF23B7BC1C00FF228E /* AppDelegate.swift */; };
		09307D0223B7BC1C00FF228E /* SceneDelegate.swift in Sources */ = {isa = PBXBuildFile; fileRef = 09307D0123B7BC1C00FF228E /* SceneDelegate.swift */; };
		09307D0423B7BC1C00FF228E /* ViewController.swift in Sources */ = {isa = PBXBuildFile; fileRef = 09307D0323B7BC1C00FF228E /* ViewController.swift */; };
		09307D0723B7BC1C00FF228E /* Main.storyboard in Resources */ = {isa = PBXBuildFile; fileRef = 09307D0523B7BC1C00FF228E /* Main.storyboard */; };
		09307D0923B7BC1F00FF228E /* Assets.xcassets in Resources */ = {isa = PBXBuildFile; fileRef = 09307D0823B7BC1F00FF228E /* Assets.xcassets */; };
		09307D0C23B7BC1F00FF228E /* LaunchScreen.storyboard in Resources */ = {isa = PBXBuildFile; fileRef = 09307D0A23B7BC1F00FF228E /* LaunchScreen.storyboard */; };
		09307D1723B7BC1F00FF228E /* ForecastTests.swift in Sources */ = {isa = PBXBuildFile; fileRef = 09307D1623B7BC1F00FF228E /* ForecastTests.swift */; };
		09307D2223B7BC1F00FF228E /* ForecastUITests.swift in Sources */ = {isa = PBXBuildFile; fileRef = 09307D2123B7BC1F00FF228E /* ForecastUITests.swift */; };
/* End PBXBuildFile section */

/* Begin PBXContainerItemProxy section */
		09307D1323B7BC1F00FF228E /* PBXContainerItemProxy */ = {
			isa = PBXContainerItemProxy;
			containerPortal = 09307CF423B7BC1C00FF228E /* Project object */;
			proxyType = 1;
			remoteGlobalIDString = 09307CFB23B7BC1C00FF228E;
			remoteInfo = Forecast;
		};
		09307D1E23B7BC1F00FF228E /* PBXContainerItemProxy */ = {
			isa = PBXContainerItemProxy;
			containerPortal = 09307CF423B7BC1C00FF228E /* Project object */;
			proxyType = 1;
			remoteGlobalIDString = 09307CFB23B7BC1C00FF228E;
			remoteInfo = Forecast;
		};
/* End PBXContainerItemProxy section */

/* Begin PBXFileReference section */
		09307CFC23B7BC1C00FF228E /* Forecast.app */ = {isa = PBXFileReference; explicitFileType = wrapper.application; includeInIndex = 0; path = Forecast.app; sourceTree = BUILT_PRODUCTS_DIR; };
		09307CFF23B7BC1C00FF228E /* AppDelegate.swift */ = {isa = PBXFileReference; lastKnownFileType = sourcecode.swift; path = AppDelegate.swift; sourceTree = "<group>"; };
		09307D0123B7BC1C00FF228E /* SceneDelegate.swift */ = {isa = PBXFileReference; lastKnownFileType = sourcecode.swift; path = SceneDelegate.swift; sourceTree = "<group>"; };
		09307D0323B7BC1C00FF228E /* ViewController.swift */ = {isa = PBXFileReference; lastKnownFileType = sourcecode.swift; path = ViewController.swift; sourceTree = "<group>"; };
		09307D0623B7BC1C00FF228E /* Base */ = {isa = PBXFileReference; lastKnownFileType = file.storyboard; name = Base; path = Base.lproj/Main.storyboard; sourceTree = "<group>"; };
		09307D0823B7BC1F00FF228E /* Assets.xcassets */ = {isa = PBXFileReference; lastKnownFileType = folder.assetcatalog; path = Assets.xcassets; sourceTree = "<group>"; };
		09307D0B23B7BC1F00FF228E /* Base */ = {isa = PBXFileReference; lastKnownFileType = file.storyboard; name = Base; path = Base.lproj/LaunchScreen.storyboard; sourceTree = "<group>"; };
		09307D0D23B7BC1F00FF228E /* Info.plist */ = {isa = PBXFileReference; lastKnownFileType = text.plist.xml; path = Info.plist; sourceTree = "<group>"; };
		09307D1223B7BC1F00FF228E /* ForecastTests.xctest */ = {isa = PBXFileReference; explicitFileType = wrapper.cfbundle; includeInIndex = 0; path = ForecastTests.xctest; sourceTree = BUILT_PRODUCTS_DIR; };
		09307D1623B7BC1F00FF228E /* ForecastTests.swift */ = {isa = PBXFileReference; lastKnownFileType = sourcecode.swift; path = ForecastTests.swift; sourceTree = "<group>"; };
		09307D1823B7BC1F00FF228E /* Info.plist */ = {isa = PBXFileReference; lastKnownFileType = text.plist.xml; path = Info.plist; sourceTree = "<group>"; };
		09307D1D23B7BC1F00FF228E /* ForecastUITests.xctest */ = {isa = PBXFileReference; explicitFileType = wrapper.cfbundle; includeInIndex = 0; path = ForecastUITests.xctest; sourceTree = BUILT_PRODUCTS_DIR; };
		09307D2123B7BC1F00FF228E /* ForecastUITests.swift */ = {isa = PBXFileReference; lastKnownFileType = sourcecode.swift; path = ForecastUITests.swift; sourceTree = "<group>"; };
		09307D2323B7BC1F00FF228E /* Info.plist */ = {isa = PBXFileReference; lastKnownFileType = text.plist.xml; path = Info.plist; sourceTree = "<group>"; };
/* End PBXFileReference section */

/* Begin PBXFrameworksBuildPhase section */
		09307CF923B7BC1C00FF228E /* Frameworks */ = {
			isa = PBXFrameworksBuildPhase;
			buildActionMask = 2147483647;
			files = (
			);
			runOnlyForDeploymentPostprocessing = 0;
		};
		09307D0F23B7BC1F00FF228E /* Frameworks */ = {
			isa = PBXFrameworksBuildPhase;
			buildActionMask = 2147483647;
			files = (
			);
			runOnlyForDeploymentPostprocessing = 0;
		};
		09307D1A23B7BC1F00FF228E /* Frameworks */ = {
			isa = PBXFrameworksBuildPhase;
			buildActionMask = 2147483647;
			files = (
			);
			runOnlyForDeploymentPostprocessing = 0;
		};
/* End PBXFrameworksBuildPhase section */

/* Begin PBXGroup section */
		09307CF323B7BC1C00FF228E = {
			isa = PBXGroup;
			children = (
				09307CFE23B7BC1C00FF228E /* Forecast */,
				09307D1523B7BC1F00FF228E /* ForecastTests */,
				09307D2023B7BC1F00FF228E /* ForecastUITests */,
				09307CFD23B7BC1C00FF228E /* Products */,
			);
			sourceTree = "<group>";
		};
		09307CFD23B7BC1C00FF228E /* Products */ = {
			isa = PBXGroup;
			children = (
				09307CFC23B7BC1C00FF228E /* Forecast.app */,
				09307D1223B7BC1F00FF228E /* ForecastTests.xctest */,
				09307D1D23B7BC1F00FF228E /* ForecastUITests.xctest */,
			);
			name = Products;
			sourceTree = "<group>";
		};
		09307CFE23B7BC1C00FF228E /* Forecast */ = {
			isa = PBXGroup;
			children = (
				09307CFF23B7BC1C00FF228E /* AppDelegate.swift */,
				09307D0123B7BC1C00FF228E /* SceneDelegate.swift */,
				09307D0323B7BC1C00FF228E /* ViewController.swift */,
				09307D0523B7BC1C00FF228E /* Main.storyboard */,
				09307D0823B7BC1F00FF228E /* Assets.xcassets */,
				09307D0A23B7BC1F00FF228E /* LaunchScreen.storyboard */,
				09307D0D23B7BC1F00FF228E /* Info.plist */,
			);
			path = Forecast;
			sourceTree = "<group>";
		};
		09307D1523B7BC1F00FF228E /* ForecastTests */ = {
			isa = PBXGroup;
			children = (
				09307D1623B7BC1F00FF228E /* ForecastTests.swift */,
				09307D1823B7BC1F00FF228E /* Info.plist */,
			);
			path = ForecastTests;
			sourceTree = "<group>";
		};
		09307D2023B7BC1F00FF228E /* ForecastUITests */ = {
			isa = PBXGroup;
			children = (
				09307D2123B7BC1F00FF228E /* ForecastUITests.swift */,
				09307D2323B7BC1F00FF228E /* Info.plist */,
			);
			path = ForecastUITests;
			sourceTree = "<group>";
		};
/* End PBXGroup section */

/* Begin PBXNativeTarget section */
		09307CFB23B7BC1C00FF228E /* Forecast */ = {
			isa = PBXNativeTarget;
			buildConfigurationList = 09307D2623B7BC1F00FF228E /* Build configuration list for PBXNativeTarget "Forecast" */;
			buildPhases = (
				09307CF823B7BC1C00FF228E /* Sources */,
				09307CF923B7BC1C00FF228E /* Frameworks */,
				09307CFA23B7BC1C00FF228E /* Resources */,
			);
			buildRules = (
			);
			dependencies = (
			);
			name = Forecast;
			productName = Forecast;
			productReference = 09307CFC23B7BC1C00FF228E /* Forecast.app */;
			productType = "com.apple.product-type.application";
		};
		09307D1123B7BC1F00FF228E /* ForecastTests */ = {
			isa = PBXNativeTarget;
			buildConfigurationList = 09307D2923B7BC1F00FF228E /* Build configuration list for PBXNativeTarget "ForecastTests" */;
			buildPhases = (
				09307D0E23B7BC1F00FF228E /* Sources */,
				09307D0F23B7BC1F00FF228E /* Frameworks */,
				09307D1023B7BC1F00FF228E /* Resources */,
			);
			buildRules = (
			);
			dependencies = (
				09307D1423B7BC1F00FF228E /* PBXTargetDependency */,
			);
			name = ForecastTests;
			productName = ForecastTests;
			productReference = 09307D1223B7BC1F00FF228E /* ForecastTests.xctest */;
			productType = "com.apple.product-type.bundle.unit-test";
		};
		09307D1C23B7BC1F00FF228E /* ForecastUITests */ = {
			isa = PBXNativeTarget;
			buildConfigurationList = 09307D2C23B7BC1F00FF228E /* Build configuration list for PBXNativeTarget "ForecastUITests" */;
			buildPhases = (
				09307D1923B7BC1F00FF228E /* Sources */,
				09307D1A23B7BC1F00FF228E /* Frameworks */,
				09307D1B23B7BC1F00FF228E /* Resources */,
			);
			buildRules = (
			);
			dependencies = (
				09307D1F23B7BC1F00FF228E /* PBXTargetDependency */,
			);
			name = ForecastUITests;
			productName = ForecastUITests;
			productReference = 09307D1D23B7BC1F00FF228E /* ForecastUITests.xctest */;
			productType = "com.apple.product-type.bundle.ui-testing";
		};
/* End PBXNativeTarget section */

/* Begin PBXProject section */
		09307CF423B7BC1C00FF228E /* Project object */ = {
			isa = PBXProject;
			attributes = {
				LastSwiftUpdateCheck = 1120;
				LastUpgradeCheck = 1120;
				ORGANIZATIONNAME = "Sebastien Gohier";
				TargetAttributes = {
					09307CFB23B7BC1C00FF228E = {
						CreatedOnToolsVersion = 11.2.1;
					};
					09307D1123B7BC1F00FF228E = {
						CreatedOnToolsVersion = 11.2.1;
						TestTargetID = 09307CFB23B7BC1C00FF228E;
					};
					09307D1C23B7BC1F00FF228E = {
						CreatedOnToolsVersion = 11.2.1;
						TestTargetID = 09307CFB23B7BC1C00FF228E;
					};
				};
			};
			buildConfigurationList = 09307CF723B7BC1C00FF228E /* Build configuration list for PBXProject "Forecast" */;
			compatibilityVersion = "Xcode 9.3";
			developmentRegion = en;
			hasScannedForEncodings = 0;
			knownRegions = (
				en,
				Base,
			);
			mainGroup = 09307CF323B7BC1C00FF228E;
			productRefGroup = 09307CFD23B7BC1C00FF228E /* Products */;
			projectDirPath = "";
			projectRoot = "";
			targets = (
				09307CFB23B7BC1C00FF228E /* Forecast */,
				09307D1123B7BC1F00FF228E /* ForecastTests */,
				09307D1C23B7BC1F00FF228E /* ForecastUITests */,
			);
		};
/* End PBXProject section */

/* Begin PBXResourcesBuildPhase section */
		09307CFA23B7BC1C00FF228E /* Resources */ = {
			isa = PBXResourcesBuildPhase;
			buildActionMask = 2147483647;
			files = (
				09307D0C23B7BC1F00FF228E /* LaunchScreen.storyboard in Resources */,
				09307D0923B7BC1F00FF228E /* Assets.xcassets in Resources */,
				09307D0723B7BC1C00FF228E /* Main.storyboard in Resources */,
			);
			runOnlyForDeploymentPostprocessing = 0;
		};
		09307D1023B7BC1F00FF228E /* Resources */ = {
			isa = PBXResourcesBuildPhase;
			buildActionMask = 2147483647;
			files = (
			);
			runOnlyForDeploymentPostprocessing = 0;
		};
		09307D1B23B7BC1F00FF228E /* Resources */ = {
			isa = PBXResourcesBuildPhase;
			buildActionMask = 2147483647;
			files = (
			);
			runOnlyForDeploymentPostprocessing = 0;
		};
/* End PBXResourcesBuildPhase section */

/* Begin PBXSourcesBuildPhase section */
		09307CF823B7BC1C00FF228E /* Sources */ = {
			isa = PBXSourcesBuildPhase;
			buildActionMask = 2147483647;
			files = (
				09307D0423B7BC1C00FF228E /* ViewController.swift in Sources */,
				09307D0023B7BC1C00FF228E /* AppDelegate.swift in Sources */,
				09307D0223B7BC1C00FF228E /* SceneDelegate.swift in Sources */,
			);
			runOnlyForDeploymentPostprocessing = 0;
		};
		09307D0E23B7BC1F00FF228E /* Sources */ = {
			isa = PBXSourcesBuildPhase;
			buildActionMask = 2147483647;
			files = (
				09307D1723B7BC1F00FF228E /* ForecastTests.swift in Sources */,
			);
			runOnlyForDeploymentPostprocessing = 0;
		};
		09307D1923B7BC1F00FF228E /* Sources */ = {
			isa = PBXSourcesBuildPhase;
			buildActionMask = 2147483647;
			files = (
				09307D2223B7BC1F00FF228E /* ForecastUITests.swift in Sources */,
			);
			runOnlyForDeploymentPostprocessing = 0;
		};
/* End PBXSourcesBuildPhase section */

/* Begin PBXTargetDependency section */
		09307D1423B7BC1F00FF228E /* PBXTargetDependency */ = {
			isa = PBXTargetDependency;
			target = 09307CFB23B7BC1C00FF228E /* Forecast */;
			targetProxy = 09307D1323B7BC1F00FF228E /* PBXContainerItemProxy */;
		};
		09307D1F23B7BC1F00FF228E /* PBXTargetDependency */ = {
			isa = PBXTargetDependency;
			target = 09307CFB23B7BC1C00FF228E /* Forecast */;
			targetProxy = 09307D1E23B7BC1F00FF228E /* PBXContainerItemProxy */;
		};
/* End PBXTargetDependency section */

/* Begin PBXVariantGroup section */
		09307D0523B7BC1C00FF228E /* Main.storyboard */ = {
			isa = PBXVariantGroup;
			children = (
				09307D0623B7BC1C00FF228E /* Base */,
			);
			name = Main.storyboard;
			sourceTree = "<group>";
		};
		09307D0A23B7BC1F00FF228E /* LaunchScreen.storyboard */ = {
			isa = PBXVariantGroup;
			children = (
				09307D0B23B7BC1F00FF228E /* Base */,
			);
			name = LaunchScreen.storyboard;
			sourceTree = "<group>";
		};
/* End PBXVariantGroup section */

/* Begin XCBuildConfiguration section */
		09307D2423B7BC1F00FF228E /* Debug */ = {
			isa = XCBuildConfiguration;
			buildSettings = {
				ALWAYS_SEARCH_USER_PATHS = NO;
				CLANG_ANALYZER_NONNULL = YES;
				CLANG_ANALYZER_NUMBER_OBJECT_CONVERSION = YES_AGGRESSIVE;
				CLANG_CXX_LANGUAGE_STANDARD = "gnu++14";
				CLANG_CXX_LIBRARY = "libc++";
				CLANG_ENABLE_MODULES = YES;
				CLANG_ENABLE_OBJC_ARC = YES;
				CLANG_ENABLE_OBJC_WEAK = YES;
				CLANG_WARN_BLOCK_CAPTURE_AUTORELEASING = YES;
				CLANG_WARN_BOOL_CONVERSION = YES;
				CLANG_WARN_COMMA = YES;
				CLANG_WARN_CONSTANT_CONVERSION = YES;
				CLANG_WARN_DEPRECATED_OBJC_IMPLEMENTATIONS = YES;
				CLANG_WARN_DIRECT_OBJC_ISA_USAGE = YES_ERROR;
				CLANG_WARN_DOCUMENTATION_COMMENTS = YES;
				CLANG_WARN_EMPTY_BODY = YES;
				CLANG_WARN_ENUM_CONVERSION = YES;
				CLANG_WARN_INFINITE_RECURSION = YES;
				CLANG_WARN_INT_CONVERSION = YES;
				CLANG_WARN_NON_LITERAL_NULL_CONVERSION = YES;
				CLANG_WARN_OBJC_IMPLICIT_RETAIN_SELF = YES;
				CLANG_WARN_OBJC_LITERAL_CONVERSION = YES;
				CLANG_WARN_OBJC_ROOT_CLASS = YES_ERROR;
				CLANG_WARN_RANGE_LOOP_ANALYSIS = YES;
				CLANG_WARN_STRICT_PROTOTYPES = YES;
				CLANG_WARN_SUSPICIOUS_MOVE = YES;
				CLANG_WARN_UNGUARDED_AVAILABILITY = YES_AGGRESSIVE;
				CLANG_WARN_UNREACHABLE_CODE = YES;
				CLANG_WARN__DUPLICATE_METHOD_MATCH = YES;
				COPY_PHASE_STRIP = NO;
				DEBUG_INFORMATION_FORMAT = dwarf;
				ENABLE_STRICT_OBJC_MSGSEND = YES;
				ENABLE_TESTABILITY = YES;
				GCC_C_LANGUAGE_STANDARD = gnu11;
				GCC_DYNAMIC_NO_PIC = NO;
				GCC_NO_COMMON_BLOCKS = YES;
				GCC_OPTIMIZATION_LEVEL = 0;
				GCC_PREPROCESSOR_DEFINITIONS = (
					"DEBUG=1",
					"$(inherited)",
				);
				GCC_WARN_64_TO_32_BIT_CONVERSION = YES;
				GCC_WARN_ABOUT_RETURN_TYPE = YES_ERROR;
				GCC_WARN_UNDECLARED_SELECTOR = YES;
				GCC_WARN_UNINITIALIZED_AUTOS = YES_AGGRESSIVE;
				GCC_WARN_UNUSED_FUNCTION = YES;
				GCC_WARN_UNUSED_VARIABLE = YES;
				IPHONEOS_DEPLOYMENT_TARGET = 13.2;
				MTL_ENABLE_DEBUG_INFO = INCLUDE_SOURCE;
				MTL_FAST_MATH = YES;
				ONLY_ACTIVE_ARCH = YES;
				SDKROOT = iphoneos;
				SWIFT_ACTIVE_COMPILATION_CONDITIONS = DEBUG;
				SWIFT_OPTIMIZATION_LEVEL = "-Onone";
			};
			name = Debug;
		};
		09307D2523B7BC1F00FF228E /* Release */ = {
			isa = XCBuildConfiguration;
			buildSettings = {
				ALWAYS_SEARCH_USER_PATHS = NO;
				CLANG_ANALYZER_NONNULL = YES;
				CLANG_ANALYZER_NUMBER_OBJECT_CONVERSION = YES_AGGRESSIVE;
				CLANG_CXX_LANGUAGE_STANDARD = "gnu++14";
				CLANG_CXX_LIBRARY = "libc++";
				CLANG_ENABLE_MODULES = YES;
				CLANG_ENABLE_OBJC_ARC = YES;
				CLANG_ENABLE_OBJC_WEAK = YES;
				CLANG_WARN_BLOCK_CAPTURE_AUTORELEASING = YES;
				CLANG_WARN_BOOL_CONVERSION = YES;
				CLANG_WARN_COMMA = YES;
				CLANG_WARN_CONSTANT_CONVERSION = YES;
				CLANG_WARN_DEPRECATED_OBJC_IMPLEMENTATIONS = YES;
				CLANG_WARN_DIRECT_OBJC_ISA_USAGE = YES_ERROR;
				CLANG_WARN_DOCUMENTATION_COMMENTS = YES;
				CLANG_WARN_EMPTY_BODY = YES;
				CLANG_WARN_ENUM_CONVERSION = YES;
				CLANG_WARN_INFINITE_RECURSION = YES;
				CLANG_WARN_INT_CONVERSION = YES;
				CLANG_WARN_NON_LITERAL_NULL_CONVERSION = YES;
				CLANG_WARN_OBJC_IMPLICIT_RETAIN_SELF = YES;
				CLANG_WARN_OBJC_LITERAL_CONVERSION = YES;
				CLANG_WARN_OBJC_ROOT_CLASS = YES_ERROR;
				CLANG_WARN_RANGE_LOOP_ANALYSIS = YES;
				CLANG_WARN_STRICT_PROTOTYPES = YES;
				CLANG_WARN_SUSPICIOUS_MOVE = YES;
				CLANG_WARN_UNGUARDED_AVAILABILITY = YES_AGGRESSIVE;
				CLANG_WARN_UNREACHABLE_CODE = YES;
				CLANG_WARN__DUPLICATE_METHOD_MATCH = YES;
				COPY_PHASE_STRIP = NO;
				DEBUG_INFORMATION_FORMAT = "dwarf-with-dsym";
				ENABLE_NS_ASSERTIONS = NO;
				ENABLE_STRICT_OBJC_MSGSEND = YES;
				GCC_C_LANGUAGE_STANDARD = gnu11;
				GCC_NO_COMMON_BLOCKS = YES;
				GCC_WARN_64_TO_32_BIT_CONVERSION = YES;
				GCC_WARN_ABOUT_RETURN_TYPE = YES_ERROR;
				GCC_WARN_UNDECLARED_SELECTOR = YES;
				GCC_WARN_UNINITIALIZED_AUTOS = YES_AGGRESSIVE;
				GCC_WARN_UNUSED_FUNCTION = YES;
				GCC_WARN_UNUSED_VARIABLE = YES;
				IPHONEOS_DEPLOYMENT_TARGET = 13.2;
				MTL_ENABLE_DEBUG_INFO = NO;
				MTL_FAST_MATH = YES;
				SDKROOT = iphoneos;
				SWIFT_COMPILATION_MODE = wholemodule;
				SWIFT_OPTIMIZATION_LEVEL = "-O";
				VALIDATE_PRODUCT = YES;
			};
			name = Release;
		};
		09307D2723B7BC1F00FF228E /* Debug */ = {
			isa = XCBuildConfiguration;
			buildSettings = {
				ASSETCATALOG_COMPILER_APPICON_NAME = AppIcon;
				CODE_SIGN_STYLE = Automatic;
				DEVELOPMENT_TEAM = PT6DW2A7XF;
				INFOPLIST_FILE = Forecast/Info.plist;
				LD_RUNPATH_SEARCH_PATHS = (
					"$(inherited)",
					"@executable_path/Frameworks",
				);
				PRODUCT_BUNDLE_IDENTIFIER = com.sebg.Forecast;
				PRODUCT_NAME = "$(TARGET_NAME)";
				SWIFT_VERSION = 5.0;
				TARGETED_DEVICE_FAMILY = "1,2";
			};
			name = Debug;
		};
		09307D2823B7BC1F00FF228E /* Release */ = {
			isa = XCBuildConfiguration;
			buildSettings = {
				ASSETCATALOG_COMPILER_APPICON_NAME = AppIcon;
				CODE_SIGN_STYLE = Automatic;
				DEVELOPMENT_TEAM = PT6DW2A7XF;
				INFOPLIST_FILE = Forecast/Info.plist;
				LD_RUNPATH_SEARCH_PATHS = (
					"$(inherited)",
					"@executable_path/Frameworks",
				);
				PRODUCT_BUNDLE_IDENTIFIER = com.sebg.Forecast;
				PRODUCT_NAME = "$(TARGET_NAME)";
				SWIFT_VERSION = 5.0;
				TARGETED_DEVICE_FAMILY = "1,2";
			};
			name = Release;
		};
		09307D2A23B7BC1F00FF228E /* Debug */ = {
			isa = XCBuildConfiguration;
			buildSettings = {
				ALWAYS_EMBED_SWIFT_STANDARD_LIBRARIES = YES;
				BUNDLE_LOADER = "$(TEST_HOST)";
				CODE_SIGN_STYLE = Automatic;
				DEVELOPMENT_TEAM = PT6DW2A7XF;
				INFOPLIST_FILE = ForecastTests/Info.plist;
				IPHONEOS_DEPLOYMENT_TARGET = 13.2;
				LD_RUNPATH_SEARCH_PATHS = (
					"$(inherited)",
					"@executable_path/Frameworks",
					"@loader_path/Frameworks",
				);
				PRODUCT_BUNDLE_IDENTIFIER = com.sebg.ForecastTests;
				PRODUCT_NAME = "$(TARGET_NAME)";
				SWIFT_VERSION = 5.0;
				TARGETED_DEVICE_FAMILY = "1,2";
				TEST_HOST = "$(BUILT_PRODUCTS_DIR)/Forecast.app/Forecast";
			};
			name = Debug;
		};
		09307D2B23B7BC1F00FF228E /* Release */ = {
			isa = XCBuildConfiguration;
			buildSettings = {
				ALWAYS_EMBED_SWIFT_STANDARD_LIBRARIES = YES;
				BUNDLE_LOADER = "$(TEST_HOST)";
				CODE_SIGN_STYLE = Automatic;
				DEVELOPMENT_TEAM = PT6DW2A7XF;
				INFOPLIST_FILE = ForecastTests/Info.plist;
				IPHONEOS_DEPLOYMENT_TARGET = 13.2;
				LD_RUNPATH_SEARCH_PATHS = (
					"$(inherited)",
					"@executable_path/Frameworks",
					"@loader_path/Frameworks",
				);
				PRODUCT_BUNDLE_IDENTIFIER = com.sebg.ForecastTests;
				PRODUCT_NAME = "$(TARGET_NAME)";
				SWIFT_VERSION = 5.0;
				TARGETED_DEVICE_FAMILY = "1,2";
				TEST_HOST = "$(BUILT_PRODUCTS_DIR)/Forecast.app/Forecast";
			};
			name = Release;
		};
		09307D2D23B7BC1F00FF228E /* Debug */ = {
			isa = XCBuildConfiguration;
			buildSettings = {
				ALWAYS_EMBED_SWIFT_STANDARD_LIBRARIES = YES;
				CODE_SIGN_STYLE = Automatic;
				DEVELOPMENT_TEAM = PT6DW2A7XF;
				INFOPLIST_FILE = ForecastUITests/Info.plist;
				LD_RUNPATH_SEARCH_PATHS = (
					"$(inherited)",
					"@executable_path/Frameworks",
					"@loader_path/Frameworks",
				);
				PRODUCT_BUNDLE_IDENTIFIER = com.sebg.ForecastUITests;
				PRODUCT_NAME = "$(TARGET_NAME)";
				SWIFT_VERSION = 5.0;
				TARGETED_DEVICE_FAMILY = "1,2";
				TEST_TARGET_NAME = Forecast;
			};
			name = Debug;
		};
		09307D2E23B7BC1F00FF228E /* Release */ = {
			isa = XCBuildConfiguration;
			buildSettings = {
				ALWAYS_EMBED_SWIFT_STANDARD_LIBRARIES = YES;
				CODE_SIGN_STYLE = Automatic;
				DEVELOPMENT_TEAM = PT6DW2A7XF;
				INFOPLIST_FILE = ForecastUITests/Info.plist;
				LD_RUNPATH_SEARCH_PATHS = (
					"$(inherited)",
					"@executable_path/Frameworks",
					"@loader_path/Frameworks",
				);
				PRODUCT_BUNDLE_IDENTIFIER = com.sebg.ForecastUITests;
				PRODUCT_NAME = "$(TARGET_NAME)";
				SWIFT_VERSION = 5.0;
				TARGETED_DEVICE_FAMILY = "1,2";
				TEST_TARGET_NAME = Forecast;
			};
			name = Release;
		};
/* End XCBuildConfiguration section */

/* Begin XCConfigurationList section */
		09307CF723B7BC1C00FF228E /* Build configuration list for PBXProject "Forecast" */ = {
			isa = XCConfigurationList;
			buildConfigurations = (
				09307D2423B7BC1F00FF228E /* Debug */,
				09307D2523B7BC1F00FF228E /* Release */,
			);
			defaultConfigurationIsVisible = 0;
			defaultConfigurationName = Release;
		};
		09307D2623B7BC1F00FF228E /* Build configuration list for PBXNativeTarget "Forecast" */ = {
			isa = XCConfigurationList;
			buildConfigurations = (
				09307D2723B7BC1F00FF228E /* Debug */,
				09307D2823B7BC1F00FF228E /* Release */,
			);
			defaultConfigurationIsVisible = 0;
			defaultConfigurationName = Release;
		};
		09307D2923B7BC1F00FF228E /* Build configuration list for PBXNativeTarget "ForecastTests" */ = {
			isa = XCConfigurationList;
			buildConfigurations = (
				09307D2A23B7BC1F00FF228E /* Debug */,
				09307D2B23B7BC1F00FF228E /* Release */,
			);
			defaultConfigurationIsVisible = 0;
			defaultConfigurationName = Release;
		};
		09307D2C23B7BC1F00FF228E /* Build configuration list for PBXNativeTarget "ForecastUITests" */ = {
			isa = XCConfigurationList;
			buildConfigurations = (
				09307D2D23B7BC1F00FF228E /* Debug */,
				09307D2E23B7BC1F00FF228E /* Release */,
			);
			defaultConfigurationIsVisible = 0;
			defaultConfigurationName = Release;
		};
/* End XCConfigurationList section */
	};
	rootObject = 09307CF423B7BC1C00FF228E /* Project object */;
}
